
Microsoft Visual Studio Solution File, Format Version 12.00
# Visual Studio Version 17
VisualStudioVersion = 17.4.33122.133
MinimumVisualStudioVersion = 10.0.40219.1
Project("{FAE04EC0-301F-11D3-BF4B-00C04F79EFBC}") = "PassengerWebApi", "PassengerWebApi\PassengerWebApi.csproj", "{AD51B114-F3EA-4512-A8CD-521FE29D7DBD}"
EndProject
Project("{FAE04EC0-301F-11D3-BF4B-00C04F79EFBC}") = "DAL", "DAL\DAL.csproj", "{29421F2F-E850-42C8-A5C9-8F2FE992259D}"
EndProject
Project("{FAE04EC0-301F-11D3-BF4B-00C04F79EFBC}") = "BAL", "BAL\BAL.csproj", "{B8FA75C4-CC04-4A10-BFE8-94B92E21276C}"
EndProject
Project("{FAE04EC0-301F-11D3-BF4B-00C04F79EFBC}") = "Common", "Common\Common.csproj", "{A9909A36-D61C-4924-AE0C-DC04BA762BCE}"
EndProject
Project("{FAE04EC0-301F-11D3-BF4B-00C04F79EFBC}") = "EAL", "EAL\EAL.csproj", "{2C7367E8-B50F-4AA2-9F84-CF7F13BCD56C}"
EndProject
Global
	GlobalSection(SolutionConfigurationPlatforms) = preSolution
		Debug|Any CPU = Debug|Any CPU
		Release|Any CPU = Release|Any CPU
	EndGlobalSection
	GlobalSection(ProjectConfigurationPlatforms) = postSolution
		{AD51B114-F3EA-4512-A8CD-521FE29D7DBD}.Debug|Any CPU.ActiveCfg = Debug|Any CPU
		{AD51B114-F3EA-4512-A8CD-521FE29D7DBD}.Debug|Any CPU.Build.0 = Debug|Any CPU
		{AD51B114-F3EA-4512-A8CD-521FE29D7DBD}.Release|Any CPU.ActiveCfg = Release|Any CPU
		{AD51B114-F3EA-4512-A8CD-521FE29D7DBD}.Release|Any CPU.Build.0 = Release|Any CPU
		{29421F2F-E850-42C8-A5C9-8F2FE992259D}.Debug|Any CPU.ActiveCfg = Debug|Any CPU
		{29421F2F-E850-42C8-A5C9-8F2FE992259D}.Debug|Any CPU.Build.0 = Debug|Any CPU
		{29421F2F-E850-42C8-A5C9-8F2FE992259D}.Release|Any CPU.ActiveCfg = Release|Any CPU
		{29421F2F-E850-42C8-A5C9-8F2FE992259D}.Release|Any CPU.Build.0 = Release|Any CPU
		{B8FA75C4-CC04-4A10-BFE8-94B92E21276C}.Debug|Any CPU.ActiveCfg = Debug|Any CPU
		{B8FA75C4-CC04-4A10-BFE8-94B92E21276C}.Debug|Any CPU.Build.0 = Debug|Any CPU
		{B8FA75C4-CC04-4A10-BFE8-94B92E21276C}.Release|Any CPU.ActiveCfg = Release|Any CPU
		{B8FA75C4-CC04-4A10-BFE8-94B92E21276C}.Release|Any CPU.Build.0 = Release|Any CPU
		{A9909A36-D61C-4924-AE0C-DC04BA762BCE}.Debug|Any CPU.ActiveCfg = Debug|Any CPU
		{A9909A36-D61C-4924-AE0C-DC04BA762BCE}.Debug|Any CPU.Build.0 = Debug|Any CPU
		{A9909A36-D61C-4924-AE0C-DC04BA762BCE}.Release|Any CPU.ActiveCfg = Release|Any CPU
		{A9909A36-D61C-4924-AE0C-DC04BA762BCE}.Release|Any CPU.Build.0 = Release|Any CPU
		{2C7367E8-B50F-4AA2-9F84-CF7F13BCD56C}.Debug|Any CPU.ActiveCfg = Debug|Any CPU
		{2C7367E8-B50F-4AA2-9F84-CF7F13BCD56C}.Debug|Any CPU.Build.0 = Debug|Any CPU
		{2C7367E8-B50F-4AA2-9F84-CF7F13BCD56C}.Release|Any CPU.ActiveCfg = Release|Any CPU
		{2C7367E8-B50F-4AA2-9F84-CF7F13BCD56C}.Release|Any CPU.Build.0 = Release|Any CPU
	EndGlobalSection
	GlobalSection(SolutionProperties) = preSolution
		HideSolutionNode = FALSE
	EndGlobalSection
	GlobalSection(ExtensibilityGlobals) = postSolution
		SolutionGuid = {4BEDCD12-935B-43D9-B7FC-EB3C9E0977FD}
	EndGlobalSection
EndGlobal
